# This file is automatically @generated by Cargo.
# It is not intended for manual editing.
version = 4

[[package]]
name = "allocator-api2"
version = "0.2.21"
source = "registry+https://github.com/rust-lang/crates.io-index"
checksum = "683d7910e743518b0e34f1186f92494becacb047c7b6bf616c96772180fef923"

[[package]]
name = "equivalent"
version = "1.0.2"
source = "registry+https://github.com/rust-lang/crates.io-index"
checksum = "877a4ace8713b0bcf2a4e7eec82529c029f1d0619886d18145fea96c3ffe5c0f"

[[package]]
name = "foldhash"
version = "0.1.5"
source = "registry+https://github.com/rust-lang/crates.io-index"
checksum = "d9c4f5dac5e15c24eb999c26181a6ca40b39fe946cbe4c263c7209467bc83af2"

[[package]]
name = "gpu-raw"
version = "0.16.0"
dependencies = [
 "scarlet-os",
 "scarlet-std",
]

[[package]]
name = "hashbrown"
version = "0.15.5"
source = "registry+https://github.com/rust-lang/crates.io-index"
checksum = "9229cfe53dfd69f0609a49f65461bd93001ea1ef889cd5529dd176593f5338a1"
dependencies = [
 "allocator-api2",
 "equivalent",
 "foldhash",
]

[[package]]
name = "lock_api"
version = "0.4.14"
source = "registry+https://github.com/rust-lang/crates.io-index"
checksum = "224399e74b87b5f3557511d98dff8b14089b3dadafcab6bb93eab67d3aace965"
dependencies = [
 "scopeguard",
]

[[package]]
name = "scarlet-abi"
version = "0.16.0"

[[package]]
name = "scarlet-os"
version = "0.16.0"
dependencies = [
 "scarlet-abi",
 "scarlet-rt",
 "scarlet-sys",
]

[[package]]
name = "scarlet-rt"
version = "0.16.0"
dependencies = [
 "lock_api",
 "scarlet-sys",
 "spin",
 "talc",
]

[[package]]
name = "scarlet-std"
version = "0.16.0"
dependencies = [
 "hashbrown",
 "scarlet-abi",
 "scarlet-os",
 "scarlet-rt",
 "scarlet-sys",
 "spin",
]

[[package]]
name = "scarlet-sys"
version = "0.16.0"
dependencies = [
 "scarlet-abi",
]

[[package]]
name = "scopeguard"
version = "1.2.0"
source = "registry+https://github.com/rust-lang/crates.io-index"
checksum = "94143f37725109f92c262ed2cf5e59bce7498c01bcc1502d7b9afe439a4e9f49"

[[package]]
name = "sgfx-backend-scarlet-virgl"
version = "0.16.0"
dependencies = [
 "gpu-raw",
 "scarlet-os",
 "scarlet-std",
 "sgfx-codegen-virgl",
 "sgfx-core",
]

[[package]]
name = "sgfx-codegen-virgl"
version = "0.16.0"
dependencies = [
 "sgfx-core",
]

[[package]]
name = "sgfx-core"
version = "0.16.0"

[[package]]
name = "spin"
version = "0.10.1"
source = "registry+https://github.com/rust-lang/crates.io-index"
checksum = "023a211cb3138dbc438680b32560ad89f699977624c9f8dbb95a47d5b4c07dd3"
dependencies = [
 "lock_api",
]

[[package]]
name = "talc"
version = "4.4.3"
source = "registry+https://github.com/rust-lang/crates.io-index"
checksum = "a3ae828aa394de34c7de08f522d1b86bd1c182c668d27da69caadda00590f26d"
dependencies = [
 "lock_api",
]
